
Microsoft Visual Studio Solution File, Format Version 12.00
# Visual Studio Version 16
VisualStudioVersion = 16.0.33027.164
MinimumVisualStudioVersion = 10.0.40219.1
Project("{FAE04EC0-301F-11D3-BF4B-00C04F79EFBC}") = "APIUnilink", "APIUnilink\APIUnilink.csproj", "{19FA2FFE-8A67-4158-A40B-4EF14B6BC6E7}"
EndProject
Global
	GlobalSection(SolutionConfigurationPlatforms) = preSolution
		Debug|Any CPU = Debug|Any CPU
		Release|Any CPU = Release|Any CPU
	EndGlobalSection
	GlobalSection(ProjectConfigurationPlatforms) = postSolution
		{19FA2FFE-8A67-4158-A40B-4EF14B6BC6E7}.Debug|Any CPU.ActiveCfg = Debug|Any CPU
		{19FA2FFE-8A67-4158-A40B-4EF14B6BC6E7}.Debug|Any CPU.Build.0 = Debug|Any CPU
		{19FA2FFE-8A67-4158-A40B-4EF14B6BC6E7}.Release|Any CPU.ActiveCfg = Release|Any CPU
		{19FA2FFE-8A67-4158-A40B-4EF14B6BC6E7}.Release|Any CPU.Build.0 = Release|Any CPU
	EndGlobalSection
	GlobalSection(SolutionProperties) = preSolution
		HideSolutionNode = FALSE
	EndGlobalSection
	GlobalSection(ExtensibilityGlobals) = postSolution
		SolutionGuid = {0F916176-FF04-470C-AA51-17C89EA48ECB}
	EndGlobalSection
EndGlobal
